// !$*UTF8*$!
{
	archiveVersion = 1;
	classes = {
	};
	objectVersion = 51;
	objects = {

/* Begin PBXBuildFile section */
		46B59F6AD2371D305811C38D /* Pods_SegmentedButton.framework in Frameworks */ = {isa = PBXBuildFile; fileRef = E73DE1F54984E231D6094411 /* Pods_SegmentedButton.framework */; };
		79D54060978AC351FCFBF252 /* Pods_SegmentedButton_SegmentedButtonTests.framework in Frameworks */ = {isa = PBXBuildFile; fileRef = 6AEE9F8B032DC24936053AA0 /* Pods_SegmentedButton_SegmentedButtonTests.framework */; };
		CAE2CB0F23FFD64300FF7708 /* SegmentedButton.framework in Frameworks */ = {isa = PBXBuildFile; fileRef = CAE2CB0523FFD64300FF7708 /* SegmentedButton.framework */; };
		CAE2CB1423FFD64300FF7708 /* SegmentedButtonTests.swift in Sources */ = {isa = PBXBuildFile; fileRef = CAE2CB1323FFD64300FF7708 /* SegmentedButtonTests.swift */; };
		CAE2CB1623FFD64300FF7708 /* SegmentedButton.h in Headers */ = {isa = PBXBuildFile; fileRef = CAE2CB0823FFD64300FF7708 /* SegmentedButton.h */; settings = {ATTRIBUTES = (Public, ); }; };
		CAE2CB2023FFD67B00FF7708 /* SegmentedButton.swift in Sources */ = {isa = PBXBuildFile; fileRef = CAE2CB1F23FFD67B00FF7708 /* SegmentedButton.swift */; };
		CAE2CB2223FFD76B00FF7708 /* Separator.swift in Sources */ = {isa = PBXBuildFile; fileRef = CAE2CB2123FFD76B00FF7708 /* Separator.swift */; };
		CAE2CB2423FFD7DA00FF7708 /* Assets.xcassets in Resources */ = {isa = PBXBuildFile; fileRef = CAE2CB2323FFD7DA00FF7708 /* Assets.xcassets */; };
/* End PBXBuildFile section */

/* Begin PBXContainerItemProxy section */
		CAE2CB1023FFD64300FF7708 /* PBXContainerItemProxy */ = {
			isa = PBXContainerItemProxy;
			containerPortal = CAE2CAFC23FFD64300FF7708 /* Project object */;
			proxyType = 1;
			remoteGlobalIDString = CAE2CB0423FFD64300FF7708;
			remoteInfo = SegmentedButton;
		};
/* End PBXContainerItemProxy section */

/* Begin PBXFileReference section */
		00E53B139147230128629E3B /* Pods-SegmentedButton-SegmentedButtonTests.debug.xcconfig */ = {isa = PBXFileReference; includeInIndex = 1; lastKnownFileType = text.xcconfig; name = "Pods-SegmentedButton-SegmentedButtonTests.debug.xcconfig"; path = "Target Support Files/Pods-SegmentedButton-SegmentedButtonTests/Pods-SegmentedButton-SegmentedButtonTests.debug.xcconfig"; sourceTree = "<group>"; };
		0797EA22A9C917EBF5215652 /* Pods-SegmentedButton.release.xcconfig */ = {isa = PBXFileReference; includeInIndex = 1; lastKnownFileType = text.xcconfig; name = "Pods-SegmentedButton.release.xcconfig"; path = "Target Support Files/Pods-SegmentedButton/Pods-SegmentedButton.release.xcconfig"; sourceTree = "<group>"; };
		08C80255106E7FAB161EE996 /* Pods-SegmentedButton.debug.xcconfig */ = {isa = PBXFileReference; includeInIndex = 1; lastKnownFileType = text.xcconfig; name = "Pods-SegmentedButton.debug.xcconfig"; path = "Target Support Files/Pods-SegmentedButton/Pods-SegmentedButton.debug.xcconfig"; sourceTree = "<group>"; };
		6AEE9F8B032DC24936053AA0 /* Pods_SegmentedButton_SegmentedButtonTests.framework */ = {isa = PBXFileReference; explicitFileType = wrapper.framework; includeInIndex = 0; path = Pods_SegmentedButton_SegmentedButtonTests.framework; sourceTree = BUILT_PRODUCTS_DIR; };
		AF4A3ACE6663658C44BD432D /* Pods-SegmentedButton-SegmentedButtonTests.release.xcconfig */ = {isa = PBXFileReference; includeInIndex = 1; lastKnownFileType = text.xcconfig; name = "Pods-SegmentedButton-SegmentedButtonTests.release.xcconfig"; path = "Target Support Files/Pods-SegmentedButton-SegmentedButtonTests/Pods-SegmentedButton-SegmentedButtonTests.release.xcconfig"; sourceTree = "<group>"; };
		CAE2CB0523FFD64300FF7708 /* SegmentedButton.framework */ = {isa = PBXFileReference; explicitFileType = wrapper.framework; includeInIndex = 0; path = SegmentedButton.framework; sourceTree = BUILT_PRODUCTS_DIR; };
		CAE2CB0823FFD64300FF7708 /* SegmentedButton.h */ = {isa = PBXFileReference; lastKnownFileType = sourcecode.c.h; path = SegmentedButton.h; sourceTree = "<group>"; };
		CAE2CB0923FFD64300FF7708 /* Info.plist */ = {isa = PBXFileReference; lastKnownFileType = text.plist.xml; path = Info.plist; sourceTree = "<group>"; };
		CAE2CB0E23FFD64300FF7708 /* SegmentedButtonTests.xctest */ = {isa = PBXFileReference; explicitFileType = wrapper.cfbundle; includeInIndex = 0; path = SegmentedButtonTests.xctest; sourceTree = BUILT_PRODUCTS_DIR; };
		CAE2CB1323FFD64300FF7708 /* SegmentedButtonTests.swift */ = {isa = PBXFileReference; lastKnownFileType = sourcecode.swift; path = SegmentedButtonTests.swift; sourceTree = "<group>"; };
		CAE2CB1523FFD64300FF7708 /* Info.plist */ = {isa = PBXFileReference; lastKnownFileType = text.plist.xml; path = Info.plist; sourceTree = "<group>"; };
		CAE2CB1F23FFD67B00FF7708 /* SegmentedButton.swift */ = {isa = PBXFileReference; lastKnownFileType = sourcecode.swift; path = SegmentedButton.swift; sourceTree = "<group>"; };
		CAE2CB2123FFD76B00FF7708 /* Separator.swift */ = {isa = PBXFileReference; lastKnownFileType = sourcecode.swift; path = Separator.swift; sourceTree = "<group>"; };
		CAE2CB2323FFD7DA00FF7708 /* Assets.xcassets */ = {isa = PBXFileReference; lastKnownFileType = folder.assetcatalog; path = Assets.xcassets; sourceTree = "<group>"; };
		E73DE1F54984E231D6094411 /* Pods_SegmentedButton.framework */ = {isa = PBXFileReference; explicitFileType = wrapper.framework; includeInIndex = 0; path = Pods_SegmentedButton.framework; sourceTree = BUILT_PRODUCTS_DIR; };
/* End PBXFileReference section */

/* Begin PBXFrameworksBuildPhase section */
		CAE2CB0223FFD64300FF7708 /* Frameworks */ = {
			isa = PBXFrameworksBuildPhase;
			buildActionMask = 2147483647;
			files = (
				46B59F6AD2371D305811C38D /* Pods_SegmentedButton.framework in Frameworks */,
			);
			runOnlyForDeploymentPostprocessing = 0;
		};
		CAE2CB0B23FFD64300FF7708 /* Frameworks */ = {
			isa = PBXFrameworksBuildPhase;
			buildActionMask = 2147483647;
			files = (
				CAE2CB0F23FFD64300FF7708 /* SegmentedButton.framework in Frameworks */,
				79D54060978AC351FCFBF252 /* Pods_SegmentedButton_SegmentedButtonTests.framework in Frameworks */,
			);
			runOnlyForDeploymentPostprocessing = 0;
		};
/* End PBXFrameworksBuildPhase section */

/* Begin PBXGroup section */
		CAE2CAFB23FFD64300FF7708 = {
			isa = PBXGroup;
			children = (
				CAE2CB0723FFD64300FF7708 /* SegmentedButton */,
				CAE2CB1223FFD64300FF7708 /* SegmentedButtonTests */,
				CAE2CB0623FFD64300FF7708 /* Products */,
				CC58D578BDBA25A4ADB34EB3 /* Pods */,
				F47C9C16E7AD91EBC4D76857 /* Frameworks */,
			);
			sourceTree = "<group>";
		};
		CAE2CB0623FFD64300FF7708 /* Products */ = {
			isa = PBXGroup;
			children = (
				CAE2CB0523FFD64300FF7708 /* SegmentedButton.framework */,
				CAE2CB0E23FFD64300FF7708 /* SegmentedButtonTests.xctest */,
			);
			name = Products;
			sourceTree = "<group>";
		};
		CAE2CB0723FFD64300FF7708 /* SegmentedButton */ = {
			isa = PBXGroup;
			children = (
				CAE2CB0823FFD64300FF7708 /* SegmentedButton.h */,
				CAE2CB0923FFD64300FF7708 /* Info.plist */,
				CAE2CB1F23FFD67B00FF7708 /* SegmentedButton.swift */,
				CAE2CB2123FFD76B00FF7708 /* Separator.swift */,
				CAE2CB2323FFD7DA00FF7708 /* Assets.xcassets */,
			);
			path = SegmentedButton;
			sourceTree = "<group>";
		};
		CAE2CB1223FFD64300FF7708 /* SegmentedButtonTests */ = {
			isa = PBXGroup;
			children = (
				CAE2CB1323FFD64300FF7708 /* SegmentedButtonTests.swift */,
				CAE2CB1523FFD64300FF7708 /* Info.plist */,
			);
			path = SegmentedButtonTests;
			sourceTree = "<group>";
		};
		CC58D578BDBA25A4ADB34EB3 /* Pods */ = {
			isa = PBXGroup;
			children = (
				08C80255106E7FAB161EE996 /* Pods-SegmentedButton.debug.xcconfig */,
				0797EA22A9C917EBF5215652 /* Pods-SegmentedButton.release.xcconfig */,
				00E53B139147230128629E3B /* Pods-SegmentedButton-SegmentedButtonTests.debug.xcconfig */,
				AF4A3ACE6663658C44BD432D /* Pods-SegmentedButton-SegmentedButtonTests.release.xcconfig */,
			);
			path = Pods;
			sourceTree = "<group>";
		};
		F47C9C16E7AD91EBC4D76857 /* Frameworks */ = {
			isa = PBXGroup;
			children = (
				E73DE1F54984E231D6094411 /* Pods_SegmentedButton.framework */,
				6AEE9F8B032DC24936053AA0 /* Pods_SegmentedButton_SegmentedButtonTests.framework */,
			);
			name = Frameworks;
			sourceTree = "<group>";
		};
/* End PBXGroup section */

/* Begin PBXHeadersBuildPhase section */
		CAE2CB0023FFD64300FF7708 /* Headers */ = {
			isa = PBXHeadersBuildPhase;
			buildActionMask = 2147483647;
			files = (
				CAE2CB1623FFD64300FF7708 /* SegmentedButton.h in Headers */,
			);
			runOnlyForDeploymentPostprocessing = 0;
		};
/* End PBXHeadersBuildPhase section */

/* Begin PBXNativeTarget section */
		CAE2CB0423FFD64300FF7708 /* SegmentedButton */ = {
			isa = PBXNativeTarget;
			buildConfigurationList = CAE2CB1923FFD64300FF7708 /* Build configuration list for PBXNativeTarget "SegmentedButton" */;
			buildPhases = (
				3C68B728F9369368DE05C60E /* [CP] Check Pods Manifest.lock */,
				CAE2CB0023FFD64300FF7708 /* Headers */,
				CAE2CB0123FFD64300FF7708 /* Sources */,
				CAE2CB0223FFD64300FF7708 /* Frameworks */,
				CAE2CB0323FFD64300FF7708 /* Resources */,
			);
			buildRules = (
			);
			dependencies = (
			);
			name = SegmentedButton;
			productName = SegmentedButton;
			productReference = CAE2CB0523FFD64300FF7708 /* SegmentedButton.framework */;
			productType = "com.apple.product-type.framework";
		};
		CAE2CB0D23FFD64300FF7708 /* SegmentedButtonTests */ = {
			isa = PBXNativeTarget;
			buildConfigurationList = CAE2CB1C23FFD64300FF7708 /* Build configuration list for PBXNativeTarget "SegmentedButtonTests" */;
			buildPhases = (
				F7CEB614AB861AAF6E7D6AF9 /* [CP] Check Pods Manifest.lock */,
				CAE2CB0A23FFD64300FF7708 /* Sources */,
				CAE2CB0B23FFD64300FF7708 /* Frameworks */,
				CAE2CB0C23FFD64300FF7708 /* Resources */,
				362D83BFDDDCD66DA7084D46 /* [CP] Embed Pods Frameworks */,
			);
			buildRules = (
			);
			dependencies = (
				CAE2CB1123FFD64300FF7708 /* PBXTargetDependency */,
			);
			name = SegmentedButtonTests;
			productName = SegmentedButtonTests;
			productReference = CAE2CB0E23FFD64300FF7708 /* SegmentedButtonTests.xctest */;
			productType = "com.apple.product-type.bundle.unit-test";
		};
/* End PBXNativeTarget section */

/* Begin PBXProject section */
		CAE2CAFC23FFD64300FF7708 /* Project object */ = {
			isa = PBXProject;
			attributes = {
				LastSwiftUpdateCheck = 1120;
				LastUpgradeCheck = 1120;
				ORGANIZATIONNAME = "Brandon Stillitano";
				TargetAttributes = {
					CAE2CB0423FFD64300FF7708 = {
						CreatedOnToolsVersion = 11.2.1;
						LastSwiftMigration = 1120;
					};
					CAE2CB0D23FFD64300FF7708 = {
						CreatedOnToolsVersion = 11.2.1;
					};
				};
			};
			buildConfigurationList = CAE2CAFF23FFD64300FF7708 /* Build configuration list for PBXProject "SegmentedButton" */;
			compatibilityVersion = "Xcode 9.3";
			developmentRegion = en;
			hasScannedForEncodings = 0;
			knownRegions = (
				en,
				Base,
			);
			mainGroup = CAE2CAFB23FFD64300FF7708;
			productRefGroup = CAE2CB0623FFD64300FF7708 /* Products */;
			projectDirPath = "";
			projectRoot = "";
			targets = (
				CAE2CB0423FFD64300FF7708 /* SegmentedButton */,
				CAE2CB0D23FFD64300FF7708 /* SegmentedButtonTests */,
			);
		};
/* End PBXProject section */

/* Begin PBXResourcesBuildPhase section */
		CAE2CB0323FFD64300FF7708 /* Resources */ = {
			isa = PBXResourcesBuildPhase;
			buildActionMask = 2147483647;
			files = (
				CAE2CB2423FFD7DA00FF7708 /* Assets.xcassets in Resources */,
			);
			runOnlyForDeploymentPostprocessing = 0;
		};
		CAE2CB0C23FFD64300FF7708 /* Resources */ = {
			isa = PBXResourcesBuildPhase;
			buildActionMask = 2147483647;
			files = (
			);
			runOnlyForDeploymentPostprocessing = 0;
		};
/* End PBXResourcesBuildPhase section */

/* Begin PBXShellScriptBuildPhase section */
		362D83BFDDDCD66DA7084D46 /* [CP] Embed Pods Frameworks */ = {
			isa = PBXShellScriptBuildPhase;
			buildActionMask = 2147483647;
			files = (
			);
			inputFileListPaths = (
				"${PODS_ROOT}/Target Support Files/Pods-SegmentedButton-SegmentedButtonTests/Pods-SegmentedButton-SegmentedButtonTests-frameworks-${CONFIGURATION}-input-files.xcfilelist",
			);
			name = "[CP] Embed Pods Frameworks";
			outputFileListPaths = (
				"${PODS_ROOT}/Target Support Files/Pods-SegmentedButton-SegmentedButtonTests/Pods-SegmentedButton-SegmentedButtonTests-frameworks-${CONFIGURATION}-output-files.xcfilelist",
			);
			runOnlyForDeploymentPostprocessing = 0;
			shellPath = /bin/sh;
			shellScript = "\"${PODS_ROOT}/Target Support Files/Pods-SegmentedButton-SegmentedButtonTests/Pods-SegmentedButton-SegmentedButtonTests-frameworks.sh\"\n";
			showEnvVarsInLog = 0;
		};
		3C68B728F9369368DE05C60E /* [CP] Check Pods Manifest.lock */ = {
			isa = PBXShellScriptBuildPhase;
			buildActionMask = 2147483647;
			files = (
			);
			inputFileListPaths = (
			);
			inputPaths = (
				"${PODS_PODFILE_DIR_PATH}/Podfile.lock",
				"${PODS_ROOT}/Manifest.lock",
			);
			name = "[CP] Check Pods Manifest.lock";
			outputFileListPaths = (
			);
			outputPaths = (
				"$(DERIVED_FILE_DIR)/Pods-SegmentedButton-checkManifestLockResult.txt",
			);
			runOnlyForDeploymentPostprocessing = 0;
			shellPath = /bin/sh;
			shellScript = "diff \"${PODS_PODFILE_DIR_PATH}/Podfile.lock\" \"${PODS_ROOT}/Manifest.lock\" > /dev/null\nif [ $? != 0 ] ; then\n    # print error to STDERR\n    echo \"error: The sandbox is not in sync with the Podfile.lock. Run 'pod install' or update your CocoaPods installation.\" >&2\n    exit 1\nfi\n# This output is used by Xcode 'outputs' to avoid re-running this script phase.\necho \"SUCCESS\" > \"${SCRIPT_OUTPUT_FILE_0}\"\n";
			showEnvVarsInLog = 0;
		};
		F7CEB614AB861AAF6E7D6AF9 /* [CP] Check Pods Manifest.lock */ = {
			isa = PBXShellScriptBuildPhase;
			buildActionMask = 2147483647;
			files = (
			);
			inputFileListPaths = (
			);
			inputPaths = (
				"${PODS_PODFILE_DIR_PATH}/Podfile.lock",
				"${PODS_ROOT}/Manifest.lock",
			);
			name = "[CP] Check Pods Manifest.lock";
			outputFileListPaths = (
			);
			outputPaths = (
				"$(DERIVED_FILE_DIR)/Pods-SegmentedButton-SegmentedButtonTests-checkManifestLockResult.txt",
			);
			runOnlyForDeploymentPostprocessing = 0;
			shellPath = /bin/sh;
			shellScript = "diff \"${PODS_PODFILE_DIR_PATH}/Podfile.lock\" \"${PODS_ROOT}/Manifest.lock\" > /dev/null\nif [ $? != 0 ] ; then\n    # print error to STDERR\n    echo \"error: The sandbox is not in sync with the Podfile.lock. Run 'pod install' or update your CocoaPods installation.\" >&2\n    exit 1\nfi\n# This output is used by Xcode 'outputs' to avoid re-running this script phase.\necho \"SUCCESS\" > \"${SCRIPT_OUTPUT_FILE_0}\"\n";
			showEnvVarsInLog = 0;
		};
/* End PBXShellScriptBuildPhase section */

/* Begin PBXSourcesBuildPhase section */
		CAE2CB0123FFD64300FF7708 /* Sources */ = {
			isa = PBXSourcesBuildPhase;
			buildActionMask = 2147483647;
			files = (
				CAE2CB2023FFD67B00FF7708 /* SegmentedButton.swift in Sources */,
				CAE2CB2223FFD76B00FF7708 /* Separator.swift in Sources */,
			);
			runOnlyForDeploymentPostprocessing = 0;
		};
		CAE2CB0A23FFD64300FF7708 /* Sources */ = {
			isa = PBXSourcesBuildPhase;
			buildActionMask = 2147483647;
			files = (
				CAE2CB1423FFD64300FF7708 /* SegmentedButtonTests.swift in Sources */,
			);
			runOnlyForDeploymentPostprocessing = 0;
		};
/* End PBXSourcesBuildPhase section */

/* Begin PBXTargetDependency section */
		CAE2CB1123FFD64300FF7708 /* PBXTargetDependency */ = {
			isa = PBXTargetDependency;
			target = CAE2CB0423FFD64300FF7708 /* SegmentedButton */;
			targetProxy = CAE2CB1023FFD64300FF7708 /* PBXContainerItemProxy */;
		};
/* End PBXTargetDependency section */

/* Begin XCBuildConfiguration section */
		CAE2CB1723FFD64300FF7708 /* Debug */ = {
			isa = XCBuildConfiguration;
			buildSettings = {
				ALWAYS_SEARCH_USER_PATHS = NO;
				CLANG_ANALYZER_NONNULL = YES;
				CLANG_ANALYZER_NUMBER_OBJECT_CONVERSION = YES_AGGRESSIVE;
				CLANG_CXX_LANGUAGE_STANDARD = "gnu++14";
				CLANG_CXX_LIBRARY = "libc++";
				CLANG_ENABLE_MODULES = YES;
				CLANG_ENABLE_OBJC_ARC = YES;
				CLANG_ENABLE_OBJC_WEAK = YES;
				CLANG_WARN_BLOCK_CAPTURE_AUTORELEASING = YES;
				CLANG_WARN_BOOL_CONVERSION = YES;
				CLANG_WARN_COMMA = YES;
				CLANG_WARN_CONSTANT_CONVERSION = YES;
				CLANG_WARN_DEPRECATED_OBJC_IMPLEMENTATIONS = YES;
				CLANG_WARN_DIRECT_OBJC_ISA_USAGE = YES_ERROR;
				CLANG_WARN_DOCUMENTATION_COMMENTS = YES;
				CLANG_WARN_EMPTY_BODY = YES;
				CLANG_WARN_ENUM_CONVERSION = YES;
				CLANG_WARN_INFINITE_RECURSION = YES;
				CLANG_WARN_INT_CONVERSION = YES;
				CLANG_WARN_NON_LITERAL_NULL_CONVERSION = YES;
				CLANG_WARN_OBJC_IMPLICIT_RETAIN_SELF = YES;
				CLANG_WARN_OBJC_LITERAL_CONVERSION = YES;
				CLANG_WARN_OBJC_ROOT_CLASS = YES_ERROR;
				CLANG_WARN_RANGE_LOOP_ANALYSIS = YES;
				CLANG_WARN_STRICT_PROTOTYPES = YES;
				CLANG_WARN_SUSPICIOUS_MOVE = YES;
				CLANG_WARN_UNGUARDED_AVAILABILITY = YES_AGGRESSIVE;
				CLANG_WARN_UNREACHABLE_CODE = YES;
				CLANG_WARN__DUPLICATE_METHOD_MATCH = YES;
				COPY_PHASE_STRIP = NO;
				CURRENT_PROJECT_VERSION = 1;
				DEBUG_INFORMATION_FORMAT = dwarf;
				ENABLE_STRICT_OBJC_MSGSEND = YES;
				ENABLE_TESTABILITY = YES;
				GCC_C_LANGUAGE_STANDARD = gnu11;
				GCC_DYNAMIC_NO_PIC = NO;
				GCC_NO_COMMON_BLOCKS = YES;
				GCC_OPTIMIZATION_LEVEL = 0;
				GCC_PREPROCESSOR_DEFINITIONS = (
					"DEBUG=1",
					"$(inherited)",
				);
				GCC_WARN_64_TO_32_BIT_CONVERSION = YES;
				GCC_WARN_ABOUT_RETURN_TYPE = YES_ERROR;
				GCC_WARN_UNDECLARED_SELECTOR = YES;
				GCC_WARN_UNINITIALIZED_AUTOS = YES_AGGRESSIVE;
				GCC_WARN_UNUSED_FUNCTION = YES;
				GCC_WARN_UNUSED_VARIABLE = YES;
				IPHONEOS_DEPLOYMENT_TARGET = 13.2;
				MTL_ENABLE_DEBUG_INFO = INCLUDE_SOURCE;
				MTL_FAST_MATH = YES;
				ONLY_ACTIVE_ARCH = YES;
				SDKROOT = iphoneos;
				SWIFT_ACTIVE_COMPILATION_CONDITIONS = DEBUG;
				SWIFT_OPTIMIZATION_LEVEL = "-Onone";
				VERSIONING_SYSTEM = "apple-generic";
				VERSION_INFO_PREFIX = "";
			};
			name = Debug;
		};
		CAE2CB1823FFD64300FF7708 /* Release */ = {
			isa = XCBuildConfiguration;
			buildSettings = {
				ALWAYS_SEARCH_USER_PATHS = NO;
				CLANG_ANALYZER_NONNULL = YES;
				CLANG_ANALYZER_NUMBER_OBJECT_CONVERSION = YES_AGGRESSIVE;
				CLANG_CXX_LANGUAGE_STANDARD = "gnu++14";
				CLANG_CXX_LIBRARY = "libc++";
				CLANG_ENABLE_MODULES = YES;
				CLANG_ENABLE_OBJC_ARC = YES;
				CLANG_ENABLE_OBJC_WEAK = YES;
				CLANG_WARN_BLOCK_CAPTURE_AUTORELEASING = YES;
				CLANG_WARN_BOOL_CONVERSION = YES;
				CLANG_WARN_COMMA = YES;
				CLANG_WARN_CONSTANT_CONVERSION = YES;
				CLANG_WARN_DEPRECATED_OBJC_IMPLEMENTATIONS = YES;
				CLANG_WARN_DIRECT_OBJC_ISA_USAGE = YES_ERROR;
				CLANG_WARN_DOCUMENTATION_COMMENTS = YES;
				CLANG_WARN_EMPTY_BODY = YES;
				CLANG_WARN_ENUM_CONVERSION = YES;
				CLANG_WARN_INFINITE_RECURSION = YES;
				CLANG_WARN_INT_CONVERSION = YES;
				CLANG_WARN_NON_LITERAL_NULL_CONVERSION = YES;
				CLANG_WARN_OBJC_IMPLICIT_RETAIN_SELF = YES;
				CLANG_WARN_OBJC_LITERAL_CONVERSION = YES;
				CLANG_WARN_OBJC_ROOT_CLASS = YES_ERROR;
				CLANG_WARN_RANGE_LOOP_ANALYSIS = YES;
				CLANG_WARN_STRICT_PROTOTYPES = YES;
				CLANG_WARN_SUSPICIOUS_MOVE = YES;
				CLANG_WARN_UNGUARDED_AVAILABILITY = YES_AGGRESSIVE;
				CLANG_WARN_UNREACHABLE_CODE = YES;
				CLANG_WARN__DUPLICATE_METHOD_MATCH = YES;
				COPY_PHASE_STRIP = NO;
				CURRENT_PROJECT_VERSION = 1;
				DEBUG_INFORMATION_FORMAT = "dwarf-with-dsym";
				ENABLE_NS_ASSERTIONS = NO;
				ENABLE_STRICT_OBJC_MSGSEND = YES;
				GCC_C_LANGUAGE_STANDARD = gnu11;
				GCC_NO_COMMON_BLOCKS = YES;
				GCC_WARN_64_TO_32_BIT_CONVERSION = YES;
				GCC_WARN_ABOUT_RETURN_TYPE = YES_ERROR;
				GCC_WARN_UNDECLARED_SELECTOR = YES;
				GCC_WARN_UNINITIALIZED_AUTOS = YES_AGGRESSIVE;
				GCC_WARN_UNUSED_FUNCTION = YES;
				GCC_WARN_UNUSED_VARIABLE = YES;
				IPHONEOS_DEPLOYMENT_TARGET = 13.2;
				MTL_ENABLE_DEBUG_INFO = NO;
				MTL_FAST_MATH = YES;
				SDKROOT = iphoneos;
				SWIFT_COMPILATION_MODE = wholemodule;
				SWIFT_OPTIMIZATION_LEVEL = "-O";
				VALIDATE_PRODUCT = YES;
				VERSIONING_SYSTEM = "apple-generic";
				VERSION_INFO_PREFIX = "";
			};
			name = Release;
		};
		CAE2CB1A23FFD64300FF7708 /* Debug */ = {
			isa = XCBuildConfiguration;
			baseConfigurationReference = 08C80255106E7FAB161EE996 /* Pods-SegmentedButton.debug.xcconfig */;
			buildSettings = {
				CLANG_ENABLE_MODULES = YES;
				CODE_SIGN_STYLE = Automatic;
				DEFINES_MODULE = YES;
				DYLIB_COMPATIBILITY_VERSION = 1;
				DYLIB_CURRENT_VERSION = 1;
				DYLIB_INSTALL_NAME_BASE = "@rpath";
				INFOPLIST_FILE = SegmentedButton/Info.plist;
				INSTALL_PATH = "$(LOCAL_LIBRARY_DIR)/Frameworks";
				LD_RUNPATH_SEARCH_PATHS = (
					"$(inherited)",
					"@executable_path/Frameworks",
					"@loader_path/Frameworks",
				);
				PRODUCT_BUNDLE_IDENTIFIER = io.stillitano.SegmentedButton;
				PRODUCT_NAME = "$(TARGET_NAME:c99extidentifier)";
				SKIP_INSTALL = YES;
				SWIFT_OPTIMIZATION_LEVEL = "-Onone";
				SWIFT_VERSION = 5.0;
				TARGETED_DEVICE_FAMILY = "1,2";
			};
			name = Debug;
		};
		CAE2CB1B23FFD64300FF7708 /* Release */ = {
			isa = XCBuildConfiguration;
			baseConfigurationReference = 0797EA22A9C917EBF5215652 /* Pods-SegmentedButton.release.xcconfig */;
			buildSettings = {
				CLANG_ENABLE_MODULES = YES;
				CODE_SIGN_STYLE = Automatic;
				DEFINES_MODULE = YES;
				DYLIB_COMPATIBILITY_VERSION = 1;
				DYLIB_CURRENT_VERSION = 1;
				DYLIB_INSTALL_NAME_BASE = "@rpath";
				INFOPLIST_FILE = SegmentedButton/Info.plist;
				INSTALL_PATH = "$(LOCAL_LIBRARY_DIR)/Frameworks";
				LD_RUNPATH_SEARCH_PATHS = (
					"$(inherited)",
					"@executable_path/Frameworks",
					"@loader_path/Frameworks",
				);
				PRODUCT_BUNDLE_IDENTIFIER = io.stillitano.SegmentedButton;
				PRODUCT_NAME = "$(TARGET_NAME:c99extidentifier)";
				SKIP_INSTALL = YES;
				SWIFT_VERSION = 5.0;
				TARGETED_DEVICE_FAMILY = "1,2";
			};
			name = Release;
		};
		CAE2CB1D23FFD64300FF7708 /* Debug */ = {
			isa = XCBuildConfiguration;
			baseConfigurationReference = 00E53B139147230128629E3B /* Pods-SegmentedButton-SegmentedButtonTests.debug.xcconfig */;
			buildSettings = {
				ALWAYS_EMBED_SWIFT_STANDARD_LIBRARIES = YES;
				CODE_SIGN_STYLE = Automatic;
				INFOPLIST_FILE = SegmentedButtonTests/Info.plist;
				LD_RUNPATH_SEARCH_PATHS = (
					"$(inherited)",
					"@executable_path/Frameworks",
					"@loader_path/Frameworks",
				);
				PRODUCT_BUNDLE_IDENTIFIER = io.stillitano.SegmentedButtonTests;
				PRODUCT_NAME = "$(TARGET_NAME)";
				SWIFT_VERSION = 5.0;
				TARGETED_DEVICE_FAMILY = "1,2";
			};
			name = Debug;
		};
		CAE2CB1E23FFD64300FF7708 /* Release */ = {
			isa = XCBuildConfiguration;
			baseConfigurationReference = AF4A3ACE6663658C44BD432D /* Pods-SegmentedButton-SegmentedButtonTests.release.xcconfig */;
			buildSettings = {
				ALWAYS_EMBED_SWIFT_STANDARD_LIBRARIES = YES;
				CODE_SIGN_STYLE = Automatic;
				INFOPLIST_FILE = SegmentedButtonTests/Info.plist;
				LD_RUNPATH_SEARCH_PATHS = (
					"$(inherited)",
					"@executable_path/Frameworks",
					"@loader_path/Frameworks",
				);
				PRODUCT_BUNDLE_IDENTIFIER = io.stillitano.SegmentedButtonTests;
				PRODUCT_NAME = "$(TARGET_NAME)";
				SWIFT_VERSION = 5.0;
				TARGETED_DEVICE_FAMILY = "1,2";
			};
			name = Release;
		};
/* End XCBuildConfiguration section */

/* Begin XCConfigurationList section */
		CAE2CAFF23FFD64300FF7708 /* Build configuration list for PBXProject "SegmentedButton" */ = {
			isa = XCConfigurationList;
			buildConfigurations = (
				CAE2CB1723FFD64300FF7708 /* Debug */,
				CAE2CB1823FFD64300FF7708 /* Release */,
			);
			defaultConfigurationIsVisible = 0;
			defaultConfigurationName = Release;
		};
		CAE2CB1923FFD64300FF7708 /* Build configuration list for PBXNativeTarget "SegmentedButton" */ = {
			isa = XCConfigurationList;
			buildConfigurations = (
				CAE2CB1A23FFD64300FF7708 /* Debug */,
				CAE2CB1B23FFD64300FF7708 /* Release */,
			);
			defaultConfigurationIsVisible = 0;
			defaultConfigurationName = Release;
		};
		CAE2CB1C23FFD64300FF7708 /* Build configuration list for PBXNativeTarget "SegmentedButtonTests" */ = {
			isa = XCConfigurationList;
			buildConfigurations = (
				CAE2CB1D23FFD64300FF7708 /* Debug */,
				CAE2CB1E23FFD64300FF7708 /* Release */,
			);
			defaultConfigurationIsVisible = 0;
			defaultConfigurationName = Release;
		};
/* End XCConfigurationList section */
	};
	rootObject = CAE2CAFC23FFD64300FF7708 /* Project object */;
}
